// !$*UTF8*$!
{
	archiveVersion = 1;
	classes = {
	};
	objectVersion = 50;
	objects = {

/* Begin PBXBuildFile section */
		CE6CE4A9240B91C9001B88C0 /* AppDelegate.swift in Sources */ = {isa = PBXBuildFile; fileRef = CE6CE4A8240B91C9001B88C0 /* AppDelegate.swift */; };
		CE6CE4AB240B91C9001B88C0 /* SceneDelegate.swift in Sources */ = {isa = PBXBuildFile; fileRef = CE6CE4AA240B91C9001B88C0 /* SceneDelegate.swift */; };
		CE6CE4AD240B91C9001B88C0 /* ViewController.swift in Sources */ = {isa = PBXBuildFile; fileRef = CE6CE4AC240B91C9001B88C0 /* ViewController.swift */; };
		CE6CE4B0240B91C9001B88C0 /* Main.storyboard in Resources */ = {isa = PBXBuildFile; fileRef = CE6CE4AE240B91C9001B88C0 /* Main.storyboard */; };
		CE6CE4B2240B91CB001B88C0 /* Assets.xcassets in Resources */ = {isa = PBXBuildFile; fileRef = CE6CE4B1240B91CB001B88C0 /* Assets.xcassets */; };
		CE6CE4B5240B91CB001B88C0 /* LaunchScreen.storyboard in Resources */ = {isa = PBXBuildFile; fileRef = CE6CE4B3240B91CB001B88C0 /* LaunchScreen.storyboard */; };
		CE6CE4C0240B91CB001B88C0 /* Easy_Browser_Project4Tests.swift in Sources */ = {isa = PBXBuildFile; fileRef = CE6CE4BF240B91CB001B88C0 /* Easy_Browser_Project4Tests.swift */; };
		CE6CE4CB240B91CB001B88C0 /* Easy_Browser_Project4UITests.swift in Sources */ = {isa = PBXBuildFile; fileRef = CE6CE4CA240B91CB001B88C0 /* Easy_Browser_Project4UITests.swift */; };
/* End PBXBuildFile section */

/* Begin PBXContainerItemProxy section */
		CE6CE4BC240B91CB001B88C0 /* PBXContainerItemProxy */ = {
			isa = PBXContainerItemProxy;
			containerPortal = CE6CE49D240B91C9001B88C0 /* Project object */;
			proxyType = 1;
			remoteGlobalIDString = CE6CE4A4240B91C9001B88C0;
			remoteInfo = "Easy Browser Project4";
		};
		CE6CE4C7240B91CB001B88C0 /* PBXContainerItemProxy */ = {
			isa = PBXContainerItemProxy;
			containerPortal = CE6CE49D240B91C9001B88C0 /* Project object */;
			proxyType = 1;
			remoteGlobalIDString = CE6CE4A4240B91C9001B88C0;
			remoteInfo = "Easy Browser Project4";
		};
/* End PBXContainerItemProxy section */

/* Begin PBXFileReference section */
		CE6CE4A5240B91C9001B88C0 /* Easy Browser Project4.app */ = {isa = PBXFileReference; explicitFileType = wrapper.application; includeInIndex = 0; path = "Easy Browser Project4.app"; sourceTree = BUILT_PRODUCTS_DIR; };
		CE6CE4A8240B91C9001B88C0 /* AppDelegate.swift */ = {isa = PBXFileReference; lastKnownFileType = sourcecode.swift; path = AppDelegate.swift; sourceTree = "<group>"; };
		CE6CE4AA240B91C9001B88C0 /* SceneDelegate.swift */ = {isa = PBXFileReference; lastKnownFileType = sourcecode.swift; path = SceneDelegate.swift; sourceTree = "<group>"; };
		CE6CE4AC240B91C9001B88C0 /* ViewController.swift */ = {isa = PBXFileReference; lastKnownFileType = sourcecode.swift; path = ViewController.swift; sourceTree = "<group>"; };
		CE6CE4AF240B91C9001B88C0 /* Base */ = {isa = PBXFileReference; lastKnownFileType = file.storyboard; name = Base; path = Base.lproj/Main.storyboard; sourceTree = "<group>"; };
		CE6CE4B1240B91CB001B88C0 /* Assets.xcassets */ = {isa = PBXFileReference; lastKnownFileType = folder.assetcatalog; path = Assets.xcassets; sourceTree = "<group>"; };
		CE6CE4B4240B91CB001B88C0 /* Base */ = {isa = PBXFileReference; lastKnownFileType = file.storyboard; name = Base; path = Base.lproj/LaunchScreen.storyboard; sourceTree = "<group>"; };
		CE6CE4B6240B91CB001B88C0 /* Info.plist */ = {isa = PBXFileReference; lastKnownFileType = text.plist.xml; path = Info.plist; sourceTree = "<group>"; };
		CE6CE4BB240B91CB001B88C0 /* Easy Browser Project4Tests.xctest */ = {isa = PBXFileReference; explicitFileType = wrapper.cfbundle; includeInIndex = 0; path = "Easy Browser Project4Tests.xctest"; sourceTree = BUILT_PRODUCTS_DIR; };
		CE6CE4BF240B91CB001B88C0 /* Easy_Browser_Project4Tests.swift */ = {isa = PBXFileReference; lastKnownFileType = sourcecode.swift; path = Easy_Browser_Project4Tests.swift; sourceTree = "<group>"; };
		CE6CE4C1240B91CB001B88C0 /* Info.plist */ = {isa = PBXFileReference; lastKnownFileType = text.plist.xml; path = Info.plist; sourceTree = "<group>"; };
		CE6CE4C6240B91CB001B88C0 /* Easy Browser Project4UITests.xctest */ = {isa = PBXFileReference; explicitFileType = wrapper.cfbundle; includeInIndex = 0; path = "Easy Browser Project4UITests.xctest"; sourceTree = BUILT_PRODUCTS_DIR; };
		CE6CE4CA240B91CB001B88C0 /* Easy_Browser_Project4UITests.swift */ = {isa = PBXFileReference; lastKnownFileType = sourcecode.swift; path = Easy_Browser_Project4UITests.swift; sourceTree = "<group>"; };
		CE6CE4CC240B91CB001B88C0 /* Info.plist */ = {isa = PBXFileReference; lastKnownFileType = text.plist.xml; path = Info.plist; sourceTree = "<group>"; };
/* End PBXFileReference section */

/* Begin PBXFrameworksBuildPhase section */
		CE6CE4A2240B91C9001B88C0 /* Frameworks */ = {
			isa = PBXFrameworksBuildPhase;
			buildActionMask = 2147483647;
			files = (
			);
			runOnlyForDeploymentPostprocessing = 0;
		};
		CE6CE4B8240B91CB001B88C0 /* Frameworks */ = {
			isa = PBXFrameworksBuildPhase;
			buildActionMask = 2147483647;
			files = (
			);
			runOnlyForDeploymentPostprocessing = 0;
		};
		CE6CE4C3240B91CB001B88C0 /* Frameworks */ = {
			isa = PBXFrameworksBuildPhase;
			buildActionMask = 2147483647;
			files = (
			);
			runOnlyForDeploymentPostprocessing = 0;
		};
/* End PBXFrameworksBuildPhase section */

/* Begin PBXGroup section */
		CE6CE49C240B91C9001B88C0 = {
			isa = PBXGroup;
			children = (
				CE6CE4A7240B91C9001B88C0 /* Easy Browser Project4 */,
				CE6CE4BE240B91CB001B88C0 /* Easy Browser Project4Tests */,
				CE6CE4C9240B91CB001B88C0 /* Easy Browser Project4UITests */,
				CE6CE4A6240B91C9001B88C0 /* Products */,
			);
			sourceTree = "<group>";
		};
		CE6CE4A6240B91C9001B88C0 /* Products */ = {
			isa = PBXGroup;
			children = (
				CE6CE4A5240B91C9001B88C0 /* Easy Browser Project4.app */,
				CE6CE4BB240B91CB001B88C0 /* Easy Browser Project4Tests.xctest */,
				CE6CE4C6240B91CB001B88C0 /* Easy Browser Project4UITests.xctest */,
			);
			name = Products;
			sourceTree = "<group>";
		};
		CE6CE4A7240B91C9001B88C0 /* Easy Browser Project4 */ = {
			isa = PBXGroup;
			children = (
				CE6CE4A8240B91C9001B88C0 /* AppDelegate.swift */,
				CE6CE4AA240B91C9001B88C0 /* SceneDelegate.swift */,
				CE6CE4AC240B91C9001B88C0 /* ViewController.swift */,
				CE6CE4AE240B91C9001B88C0 /* Main.storyboard */,
				CE6CE4B1240B91CB001B88C0 /* Assets.xcassets */,
				CE6CE4B3240B91CB001B88C0 /* LaunchScreen.storyboard */,
				CE6CE4B6240B91CB001B88C0 /* Info.plist */,
			);
			path = "Easy Browser Project4";
			sourceTree = "<group>";
		};
		CE6CE4BE240B91CB001B88C0 /* Easy Browser Project4Tests */ = {
			isa = PBXGroup;
			children = (
				CE6CE4BF240B91CB001B88C0 /* Easy_Browser_Project4Tests.swift */,
				CE6CE4C1240B91CB001B88C0 /* Info.plist */,
			);
			path = "Easy Browser Project4Tests";
			sourceTree = "<group>";
		};
		CE6CE4C9240B91CB001B88C0 /* Easy Browser Project4UITests */ = {
			isa = PBXGroup;
			children = (
				CE6CE4CA240B91CB001B88C0 /* Easy_Browser_Project4UITests.swift */,
				CE6CE4CC240B91CB001B88C0 /* Info.plist */,
			);
			path = "Easy Browser Project4UITests";
			sourceTree = "<group>";
		};
/* End PBXGroup section */

/* Begin PBXNativeTarget section */
		CE6CE4A4240B91C9001B88C0 /* Easy Browser Project4 */ = {
			isa = PBXNativeTarget;
			buildConfigurationList = CE6CE4CF240B91CB001B88C0 /* Build configuration list for PBXNativeTarget "Easy Browser Project4" */;
			buildPhases = (
				CE6CE4A1240B91C9001B88C0 /* Sources */,
				CE6CE4A2240B91C9001B88C0 /* Frameworks */,
				CE6CE4A3240B91C9001B88C0 /* Resources */,
			);
			buildRules = (
			);
			dependencies = (
			);
			name = "Easy Browser Project4";
			productName = "Easy Browser Project4";
			productReference = CE6CE4A5240B91C9001B88C0 /* Easy Browser Project4.app */;
			productType = "com.apple.product-type.application";
		};
		CE6CE4BA240B91CB001B88C0 /* Easy Browser Project4Tests */ = {
			isa = PBXNativeTarget;
			buildConfigurationList = CE6CE4D2240B91CB001B88C0 /* Build configuration list for PBXNativeTarget "Easy Browser Project4Tests" */;
			buildPhases = (
				CE6CE4B7240B91CB001B88C0 /* Sources */,
				CE6CE4B8240B91CB001B88C0 /* Frameworks */,
				CE6CE4B9240B91CB001B88C0 /* Resources */,
			);
			buildRules = (
			);
			dependencies = (
				CE6CE4BD240B91CB001B88C0 /* PBXTargetDependency */,
			);
			name = "Easy Browser Project4Tests";
			productName = "Easy Browser Project4Tests";
			productReference = CE6CE4BB240B91CB001B88C0 /* Easy Browser Project4Tests.xctest */;
			productType = "com.apple.product-type.bundle.unit-test";
		};
		CE6CE4C5240B91CB001B88C0 /* Easy Browser Project4UITests */ = {
			isa = PBXNativeTarget;
			buildConfigurationList = CE6CE4D5240B91CB001B88C0 /* Build configuration list for PBXNativeTarget "Easy Browser Project4UITests" */;
			buildPhases = (
				CE6CE4C2240B91CB001B88C0 /* Sources */,
				CE6CE4C3240B91CB001B88C0 /* Frameworks */,
				CE6CE4C4240B91CB001B88C0 /* Resources */,
			);
			buildRules = (
			);
			dependencies = (
				CE6CE4C8240B91CB001B88C0 /* PBXTargetDependency */,
			);
			name = "Easy Browser Project4UITests";
			productName = "Easy Browser Project4UITests";
			productReference = CE6CE4C6240B91CB001B88C0 /* Easy Browser Project4UITests.xctest */;
			productType = "com.apple.product-type.bundle.ui-testing";
		};
/* End PBXNativeTarget section */

/* Begin PBXProject section */
		CE6CE49D240B91C9001B88C0 /* Project object */ = {
			isa = PBXProject;
			attributes = {
				LastSwiftUpdateCheck = 1130;
				LastUpgradeCheck = 1130;
				ORGANIZATIONNAME = MatrixSolution;
				TargetAttributes = {
					CE6CE4A4240B91C9001B88C0 = {
						CreatedOnToolsVersion = 11.3.1;
					};
					CE6CE4BA240B91CB001B88C0 = {
						CreatedOnToolsVersion = 11.3.1;
						TestTargetID = CE6CE4A4240B91C9001B88C0;
					};
					CE6CE4C5240B91CB001B88C0 = {
						CreatedOnToolsVersion = 11.3.1;
						TestTargetID = CE6CE4A4240B91C9001B88C0;
					};
				};
			};
			buildConfigurationList = CE6CE4A0240B91C9001B88C0 /* Build configuration list for PBXProject "Easy Browser Project4" */;
			compatibilityVersion = "Xcode 9.3";
			developmentRegion = en;
			hasScannedForEncodings = 0;
			knownRegions = (
				en,
				Base,
			);
			mainGroup = CE6CE49C240B91C9001B88C0;
			productRefGroup = CE6CE4A6240B91C9001B88C0 /* Products */;
			projectDirPath = "";
			projectRoot = "";
			targets = (
				CE6CE4A4240B91C9001B88C0 /* Easy Browser Project4 */,
				CE6CE4BA240B91CB001B88C0 /* Easy Browser Project4Tests */,
				CE6CE4C5240B91CB001B88C0 /* Easy Browser Project4UITests */,
			);
		};
/* End PBXProject section */

/* Begin PBXResourcesBuildPhase section */
		CE6CE4A3240B91C9001B88C0 /* Resources */ = {
			isa = PBXResourcesBuildPhase;
			buildActionMask = 2147483647;
			files = (
				CE6CE4B5240B91CB001B88C0 /* LaunchScreen.storyboard in Resources */,
				CE6CE4B2240B91CB001B88C0 /* Assets.xcassets in Resources */,
				CE6CE4B0240B91C9001B88C0 /* Main.storyboard in Resources */,
			);
			runOnlyForDeploymentPostprocessing = 0;
		};
		CE6CE4B9240B91CB001B88C0 /* Resources */ = {
			isa = PBXResourcesBuildPhase;
			buildActionMask = 2147483647;
			files = (
			);
			runOnlyForDeploymentPostprocessing = 0;
		};
		CE6CE4C4240B91CB001B88C0 /* Resources */ = {
			isa = PBXResourcesBuildPhase;
			buildActionMask = 2147483647;
			files = (
			);
			runOnlyForDeploymentPostprocessing = 0;
		};
/* End PBXResourcesBuildPhase section */

/* Begin PBXSourcesBuildPhase section */
		CE6CE4A1240B91C9001B88C0 /* Sources */ = {
			isa = PBXSourcesBuildPhase;
			buildActionMask = 2147483647;
			files = (
				CE6CE4AD240B91C9001B88C0 /* ViewController.swift in Sources */,
				CE6CE4A9240B91C9001B88C0 /* AppDelegate.swift in Sources */,
				CE6CE4AB240B91C9001B88C0 /* SceneDelegate.swift in Sources */,
			);
			runOnlyForDeploymentPostprocessing = 0;
		};
		CE6CE4B7240B91CB001B88C0 /* Sources */ = {
			isa = PBXSourcesBuildPhase;
			buildActionMask = 2147483647;
			files = (
				CE6CE4C0240B91CB001B88C0 /* Easy_Browser_Project4Tests.swift in Sources */,
			);
			runOnlyForDeploymentPostprocessing = 0;
		};
		CE6CE4C2240B91CB001B88C0 /* Sources */ = {
			isa = PBXSourcesBuildPhase;
			buildActionMask = 2147483647;
			files = (
				CE6CE4CB240B91CB001B88C0 /* Easy_Browser_Project4UITests.swift in Sources */,
			);
			runOnlyForDeploymentPostprocessing = 0;
		};
/* End PBXSourcesBuildPhase section */

/* Begin PBXTargetDependency section */
		CE6CE4BD240B91CB001B88C0 /* PBXTargetDependency */ = {
			isa = PBXTargetDependency;
			target = CE6CE4A4240B91C9001B88C0 /* Easy Browser Project4 */;
			targetProxy = CE6CE4BC240B91CB001B88C0 /* PBXContainerItemProxy */;
		};
		CE6CE4C8240B91CB001B88C0 /* PBXTargetDependency */ = {
			isa = PBXTargetDependency;
			target = CE6CE4A4240B91C9001B88C0 /* Easy Browser Project4 */;
			targetProxy = CE6CE4C7240B91CB001B88C0 /* PBXContainerItemProxy */;
		};
/* End PBXTargetDependency section */

/* Begin PBXVariantGroup section */
		CE6CE4AE240B91C9001B88C0 /* Main.storyboard */ = {
			isa = PBXVariantGroup;
			children = (
				CE6CE4AF240B91C9001B88C0 /* Base */,
			);
			name = Main.storyboard;
			sourceTree = "<group>";
		};
		CE6CE4B3240B91CB001B88C0 /* LaunchScreen.storyboard */ = {
			isa = PBXVariantGroup;
			children = (
				CE6CE4B4240B91CB001B88C0 /* Base */,
			);
			name = LaunchScreen.storyboard;
			sourceTree = "<group>";
		};
/* End PBXVariantGroup section */

/* Begin XCBuildConfiguration section */
		CE6CE4CD240B91CB001B88C0 /* Debug */ = {
			isa = XCBuildConfiguration;
			buildSettings = {
				ALWAYS_SEARCH_USER_PATHS = NO;
				CLANG_ANALYZER_NONNULL = YES;
				CLANG_ANALYZER_NUMBER_OBJECT_CONVERSION = YES_AGGRESSIVE;
				CLANG_CXX_LANGUAGE_STANDARD = "gnu++14";
				CLANG_CXX_LIBRARY = "libc++";
				CLANG_ENABLE_MODULES = YES;
				CLANG_ENABLE_OBJC_ARC = YES;
				CLANG_ENABLE_OBJC_WEAK = YES;
				CLANG_WARN_BLOCK_CAPTURE_AUTORELEASING = YES;
				CLANG_WARN_BOOL_CONVERSION = YES;
				CLANG_WARN_COMMA = YES;
				CLANG_WARN_CONSTANT_CONVERSION = YES;
				CLANG_WARN_DEPRECATED_OBJC_IMPLEMENTATIONS = YES;
				CLANG_WARN_DIRECT_OBJC_ISA_USAGE = YES_ERROR;
				CLANG_WARN_DOCUMENTATION_COMMENTS = YES;
				CLANG_WARN_EMPTY_BODY = YES;
				CLANG_WARN_ENUM_CONVERSION = YES;
				CLANG_WARN_INFINITE_RECURSION = YES;
				CLANG_WARN_INT_CONVERSION = YES;
				CLANG_WARN_NON_LITERAL_NULL_CONVERSION = YES;
				CLANG_WARN_OBJC_IMPLICIT_RETAIN_SELF = YES;
				CLANG_WARN_OBJC_LITERAL_CONVERSION = YES;
				CLANG_WARN_OBJC_ROOT_CLASS = YES_ERROR;
				CLANG_WARN_RANGE_LOOP_ANALYSIS = YES;
				CLANG_WARN_STRICT_PROTOTYPES = YES;
				CLANG_WARN_SUSPICIOUS_MOVE = YES;
				CLANG_WARN_UNGUARDED_AVAILABILITY = YES_AGGRESSIVE;
				CLANG_WARN_UNREACHABLE_CODE = YES;
				CLANG_WARN__DUPLICATE_METHOD_MATCH = YES;
				COPY_PHASE_STRIP = NO;
				DEBUG_INFORMATION_FORMAT = dwarf;
				ENABLE_STRICT_OBJC_MSGSEND = YES;
				ENABLE_TESTABILITY = YES;
				GCC_C_LANGUAGE_STANDARD = gnu11;
				GCC_DYNAMIC_NO_PIC = NO;
				GCC_NO_COMMON_BLOCKS = YES;
				GCC_OPTIMIZATION_LEVEL = 0;
				GCC_PREPROCESSOR_DEFINITIONS = (
					"DEBUG=1",
					"$(inherited)",
				);
				GCC_WARN_64_TO_32_BIT_CONVERSION = YES;
				GCC_WARN_ABOUT_RETURN_TYPE = YES_ERROR;
				GCC_WARN_UNDECLARED_SELECTOR = YES;
				GCC_WARN_UNINITIALIZED_AUTOS = YES_AGGRESSIVE;
				GCC_WARN_UNUSED_FUNCTION = YES;
				GCC_WARN_UNUSED_VARIABLE = YES;
				IPHONEOS_DEPLOYMENT_TARGET = 13.2;
				MTL_ENABLE_DEBUG_INFO = INCLUDE_SOURCE;
				MTL_FAST_MATH = YES;
				ONLY_ACTIVE_ARCH = YES;
				SDKROOT = iphoneos;
				SWIFT_ACTIVE_COMPILATION_CONDITIONS = DEBUG;
				SWIFT_OPTIMIZATION_LEVEL = "-Onone";
			};
			name = Debug;
		};
		CE6CE4CE240B91CB001B88C0 /* Release */ = {
			isa = XCBuildConfiguration;
			buildSettings = {
				ALWAYS_SEARCH_USER_PATHS = NO;
				CLANG_ANALYZER_NONNULL = YES;
				CLANG_ANALYZER_NUMBER_OBJECT_CONVERSION = YES_AGGRESSIVE;
				CLANG_CXX_LANGUAGE_STANDARD = "gnu++14";
				CLANG_CXX_LIBRARY = "libc++";
				CLANG_ENABLE_MODULES = YES;
				CLANG_ENABLE_OBJC_ARC = YES;
				CLANG_ENABLE_OBJC_WEAK = YES;
				CLANG_WARN_BLOCK_CAPTURE_AUTORELEASING = YES;
				CLANG_WARN_BOOL_CONVERSION = YES;
				CLANG_WARN_COMMA = YES;
				CLANG_WARN_CONSTANT_CONVERSION = YES;
				CLANG_WARN_DEPRECATED_OBJC_IMPLEMENTATIONS = YES;
				CLANG_WARN_DIRECT_OBJC_ISA_USAGE = YES_ERROR;
				CLANG_WARN_DOCUMENTATION_COMMENTS = YES;
				CLANG_WARN_EMPTY_BODY = YES;
				CLANG_WARN_ENUM_CONVERSION = YES;
				CLANG_WARN_INFINITE_RECURSION = YES;
				CLANG_WARN_INT_CONVERSION = YES;
				CLANG_WARN_NON_LITERAL_NULL_CONVERSION = YES;
				CLANG_WARN_OBJC_IMPLICIT_RETAIN_SELF = YES;
				CLANG_WARN_OBJC_LITERAL_CONVERSION = YES;
				CLANG_WARN_OBJC_ROOT_CLASS = YES_ERROR;
				CLANG_WARN_RANGE_LOOP_ANALYSIS = YES;
				CLANG_WARN_STRICT_PROTOTYPES = YES;
				CLANG_WARN_SUSPICIOUS_MOVE = YES;
				CLANG_WARN_UNGUARDED_AVAILABILITY = YES_AGGRESSIVE;
				CLANG_WARN_UNREACHABLE_CODE = YES;
				CLANG_WARN__DUPLICATE_METHOD_MATCH = YES;
				COPY_PHASE_STRIP = NO;
				DEBUG_INFORMATION_FORMAT = "dwarf-with-dsym";
				ENABLE_NS_ASSERTIONS = NO;
				ENABLE_STRICT_OBJC_MSGSEND = YES;
				GCC_C_LANGUAGE_STANDARD = gnu11;
				GCC_NO_COMMON_BLOCKS = YES;
				GCC_WARN_64_TO_32_BIT_CONVERSION = YES;
				GCC_WARN_ABOUT_RETURN_TYPE = YES_ERROR;
				GCC_WARN_UNDECLARED_SELECTOR = YES;
				GCC_WARN_UNINITIALIZED_AUTOS = YES_AGGRESSIVE;
				GCC_WARN_UNUSED_FUNCTION = YES;
				GCC_WARN_UNUSED_VARIABLE = YES;
				IPHONEOS_DEPLOYMENT_TARGET = 13.2;
				MTL_ENABLE_DEBUG_INFO = NO;
				MTL_FAST_MATH = YES;
				SDKROOT = iphoneos;
				SWIFT_COMPILATION_MODE = wholemodule;
				SWIFT_OPTIMIZATION_LEVEL = "-O";
				VALIDATE_PRODUCT = YES;
			};
			name = Release;
		};
		CE6CE4D0240B91CB001B88C0 /* Debug */ = {
			isa = XCBuildConfiguration;
			buildSettings = {
				ASSETCATALOG_COMPILER_APPICON_NAME = AppIcon;
				CODE_SIGN_STYLE = Automatic;
				INFOPLIST_FILE = "Easy Browser Project4/Info.plist";
				LD_RUNPATH_SEARCH_PATHS = (
					"$(inherited)",
					"@executable_path/Frameworks",
				);
				PRODUCT_BUNDLE_IDENTIFIER = "MatrixSolution.co.Easy-Browser-Project4";
				PRODUCT_NAME = "$(TARGET_NAME)";
				SWIFT_VERSION = 5.0;
				TARGETED_DEVICE_FAMILY = "1,2";
			};
			name = Debug;
		};
		CE6CE4D1240B91CB001B88C0 /* Release */ = {
			isa = XCBuildConfiguration;
			buildSettings = {
				ASSETCATALOG_COMPILER_APPICON_NAME = AppIcon;
				CODE_SIGN_STYLE = Automatic;
				INFOPLIST_FILE = "Easy Browser Project4/Info.plist";
				LD_RUNPATH_SEARCH_PATHS = (
					"$(inherited)",
					"@executable_path/Frameworks",
				);
				PRODUCT_BUNDLE_IDENTIFIER = "MatrixSolution.co.Easy-Browser-Project4";
				PRODUCT_NAME = "$(TARGET_NAME)";
				SWIFT_VERSION = 5.0;
				TARGETED_DEVICE_FAMILY = "1,2";
			};
			name = Release;
		};
		CE6CE4D3240B91CB001B88C0 /* Debug */ = {
			isa = XCBuildConfiguration;
			buildSettings = {
				ALWAYS_EMBED_SWIFT_STANDARD_LIBRARIES = YES;
				BUNDLE_LOADER = "$(TEST_HOST)";
				CODE_SIGN_STYLE = Automatic;
				INFOPLIST_FILE = "Easy Browser Project4Tests/Info.plist";
				IPHONEOS_DEPLOYMENT_TARGET = 13.2;
				LD_RUNPATH_SEARCH_PATHS = (
					"$(inherited)",
					"@executable_path/Frameworks",
					"@loader_path/Frameworks",
				);
				PRODUCT_BUNDLE_IDENTIFIER = "MatrixSolution.co.Easy-Browser-Project4Tests";
				PRODUCT_NAME = "$(TARGET_NAME)";
				SWIFT_VERSION = 5.0;
				TARGETED_DEVICE_FAMILY = "1,2";
				TEST_HOST = "$(BUILT_PRODUCTS_DIR)/Easy Browser Project4.app/Easy Browser Project4";
			};
			name = Debug;
		};
		CE6CE4D4240B91CB001B88C0 /* Release */ = {
			isa = XCBuildConfiguration;
			buildSettings = {
				ALWAYS_EMBED_SWIFT_STANDARD_LIBRARIES = YES;
				BUNDLE_LOADER = "$(TEST_HOST)";
				CODE_SIGN_STYLE = Automatic;
				INFOPLIST_FILE = "Easy Browser Project4Tests/Info.plist";
				IPHONEOS_DEPLOYMENT_TARGET = 13.2;
				LD_RUNPATH_SEARCH_PATHS = (
					"$(inherited)",
					"@executable_path/Frameworks",
					"@loader_path/Frameworks",
				);
				PRODUCT_BUNDLE_IDENTIFIER = "MatrixSolution.co.Easy-Browser-Project4Tests";
				PRODUCT_NAME = "$(TARGET_NAME)";
				SWIFT_VERSION = 5.0;
				TARGETED_DEVICE_FAMILY = "1,2";
				TEST_HOST = "$(BUILT_PRODUCTS_DIR)/Easy Browser Project4.app/Easy Browser Project4";
			};
			name = Release;
		};
		CE6CE4D6240B91CB001B88C0 /* Debug */ = {
			isa = XCBuildConfiguration;
			buildSettings = {
				ALWAYS_EMBED_SWIFT_STANDARD_LIBRARIES = YES;
				CODE_SIGN_STYLE = Automatic;
				INFOPLIST_FILE = "Easy Browser Project4UITests/Info.plist";
				LD_RUNPATH_SEARCH_PATHS = (
					"$(inherited)",
					"@executable_path/Frameworks",
					"@loader_path/Frameworks",
				);
				PRODUCT_BUNDLE_IDENTIFIER = "MatrixSolution.co.Easy-Browser-Project4UITests";
				PRODUCT_NAME = "$(TARGET_NAME)";
				SWIFT_VERSION = 5.0;
				TARGETED_DEVICE_FAMILY = "1,2";
				TEST_TARGET_NAME = "Easy Browser Project4";
			};
			name = Debug;
		};
		CE6CE4D7240B91CB001B88C0 /* Release */ = {
			isa = XCBuildConfiguration;
			buildSettings = {
				ALWAYS_EMBED_SWIFT_STANDARD_LIBRARIES = YES;
				CODE_SIGN_STYLE = Automatic;
				INFOPLIST_FILE = "Easy Browser Project4UITests/Info.plist";
				LD_RUNPATH_SEARCH_PATHS = (
					"$(inherited)",
					"@executable_path/Frameworks",
					"@loader_path/Frameworks",
				);
				PRODUCT_BUNDLE_IDENTIFIER = "MatrixSolution.co.Easy-Browser-Project4UITests";
				PRODUCT_NAME = "$(TARGET_NAME)";
				SWIFT_VERSION = 5.0;
				TARGETED_DEVICE_FAMILY = "1,2";
				TEST_TARGET_NAME = "Easy Browser Project4";
			};
			name = Release;
		};
/* End XCBuildConfiguration section */

/* Begin XCConfigurationList section */
		CE6CE4A0240B91C9001B88C0 /* Build configuration list for PBXProject "Easy Browser Project4" */ = {
			isa = XCConfigurationList;
			buildConfigurations = (
				CE6CE4CD240B91CB001B88C0 /* Debug */,
				CE6CE4CE240B91CB001B88C0 /* Release */,
			);
			defaultConfigurationIsVisible = 0;
			defaultConfigurationName = Release;
		};
		CE6CE4CF240B91CB001B88C0 /* Build configuration list for PBXNativeTarget "Easy Browser Project4" */ = {
			isa = XCConfigurationList;
			buildConfigurations = (
				CE6CE4D0240B91CB001B88C0 /* Debug */,
				CE6CE4D1240B91CB001B88C0 /* Release */,
			);
			defaultConfigurationIsVisible = 0;
			defaultConfigurationName = Release;
		};
		CE6CE4D2240B91CB001B88C0 /* Build configuration list for PBXNativeTarget "Easy Browser Project4Tests" */ = {
			isa = XCConfigurationList;
			buildConfigurations = (
				CE6CE4D3240B91CB001B88C0 /* Debug */,
				CE6CE4D4240B91CB001B88C0 /* Release */,
			);
			defaultConfigurationIsVisible = 0;
			defaultConfigurationName = Release;
		};
		CE6CE4D5240B91CB001B88C0 /* Build configuration list for PBXNativeTarget "Easy Browser Project4UITests" */ = {
			isa = XCConfigurationList;
			buildConfigurations = (
				CE6CE4D6240B91CB001B88C0 /* Debug */,
				CE6CE4D7240B91CB001B88C0 /* Release */,
			);
			defaultConfigurationIsVisible = 0;
			defaultConfigurationName = Release;
		};
/* End XCConfigurationList section */
	};
	rootObject = CE6CE49D240B91C9001B88C0 /* Project object */;
}
